docker : Unable to find image 'frontend-builder-lockgen:latest' locally
At line:1 char:1
+ docker run --rm frontend-builder-lockgen cat /app/package-lock.json 2 ...
+ ~~~~~~~~~~~~~~~~~~~~~~~~~~~~~~~~~~~~~~~~~~~~~~~~~~~~~~~~~~~~~~~~~~~~~
    + CategoryInfo          : NotSpecified: (Unable to find ...latest' locally 
   :String) [], RemoteException
    + FullyQualifiedErrorId : NativeCommandError
 
docker: Error response from daemon: pull access denied for frontend-builder-loc
kgen, repository does not exist or may require 'docker login'

Run 'docker run --help' for more information
